// !$*UTF8*$!
{
	archiveVersion = 1;
	classes = {
	};
	objectVersion = 77;
	objects = {

/* ADR 0006 (and its Update) enumerates exactly which objects this hand-written
   file may contain. Anything beyond that list is reverted. */

/* Begin PBXBuildFile section */
		A00000000000000000000001 /* Library in Frameworks */ = {isa = PBXBuildFile; productRef = E00000000000000000000001 /* Library */; };
		A00000000000000000000002 /* Index in Frameworks */ = {isa = PBXBuildFile; productRef = E00000000000000000000003 /* Index */; };
		A00000000000000000000003 /* LibraryWatcher in Frameworks */ = {isa = PBXBuildFile; productRef = E00000000000000000000004 /* LibraryWatcher */; };
		A00000000000000000000004 /* Search in Frameworks */ = {isa = PBXBuildFile; productRef = E00000000000000000000005 /* Search */; };
/* End PBXBuildFile section */

/* Begin PBXFileReference section */
		B00000000000000000000001 /* Vitrine.app */ = {isa = PBXFileReference; explicitFileType = wrapper.application; includeInIndex = 0; path = Vitrine.app; sourceTree = BUILT_PRODUCTS_DIR; };
		B00000000000000000000002 /* Shared.xcconfig */ = {isa = PBXFileReference; lastKnownFileType = text.xcconfig; path = Shared.xcconfig; sourceTree = "<group>"; };
		B00000000000000000000003 /* Debug.xcconfig */ = {isa = PBXFileReference; lastKnownFileType = text.xcconfig; path = Debug.xcconfig; sourceTree = "<group>"; };
		B00000000000000000000004 /* Release.xcconfig */ = {isa = PBXFileReference; lastKnownFileType = text.xcconfig; path = Release.xcconfig; sourceTree = "<group>"; };
		B00000000000000000000005 /* VitrineCore */ = {isa = PBXFileReference; lastKnownFileType = wrapper; path = VitrineCore; sourceTree = "<group>"; };
/* End PBXFileReference section */

/* Begin PBXFileSystemSynchronizedRootGroup section */
		C00000000000000000000001 /* App */ = {isa = PBXFileSystemSynchronizedRootGroup; path = App; sourceTree = "<group>"; };
/* End PBXFileSystemSynchronizedRootGroup section */

/* Begin PBXFrameworksBuildPhase section */
		D00000000000000000000002 /* Frameworks */ = {
			isa = PBXFrameworksBuildPhase;
			buildActionMask = 2147483647;
			files = (
				A00000000000000000000001 /* Library in Frameworks */,
				A00000000000000000000002 /* Index in Frameworks */,
				A00000000000000000000003 /* LibraryWatcher in Frameworks */,
				A00000000000000000000004 /* Search in Frameworks */,
			);
			runOnlyForDeploymentPostprocessing = 0;
		};
/* End PBXFrameworksBuildPhase section */

/* Begin PBXGroup section */
		F00000000000000000000001 = {
			isa = PBXGroup;
			children = (
				C00000000000000000000001 /* App */,
				F00000000000000000000002 /* Configs */,
				F00000000000000000000004 /* Packages */,
				F00000000000000000000003 /* Products */,
			);
			sourceTree = "<group>";
		};
		F00000000000000000000004 /* Packages */ = {
			isa = PBXGroup;
			children = (
				B00000000000000000000005 /* VitrineCore */,
			);
			name = Packages;
			sourceTree = "<group>";
		};
		F00000000000000000000002 /* Configs */ = {
			isa = PBXGroup;
			children = (
				B00000000000000000000002 /* Shared.xcconfig */,
				B00000000000000000000003 /* Debug.xcconfig */,
				B00000000000000000000004 /* Release.xcconfig */,
			);
			path = Configs;
			sourceTree = "<group>";
		};
		F00000000000000000000003 /* Products */ = {
			isa = PBXGroup;
			children = (
				B00000000000000000000001 /* Vitrine.app */,
			);
			name = Products;
			sourceTree = "<group>";
		};
/* End PBXGroup section */

/* Begin PBXNativeTarget section */
		100000000000000000000001 /* Vitrine */ = {
			isa = PBXNativeTarget;
			buildConfigurationList = 200000000000000000000002 /* Build configuration list for PBXNativeTarget "Vitrine" */;
			buildPhases = (
				D00000000000000000000001 /* Sources */,
				D00000000000000000000002 /* Frameworks */,
				D00000000000000000000003 /* Resources */,
			);
			buildRules = (
			);
			dependencies = (
			);
			fileSystemSynchronizedGroups = (
				C00000000000000000000001 /* App */,
			);
			name = Vitrine;
			packageProductDependencies = (
				E00000000000000000000001 /* Library */,
				E00000000000000000000003 /* Index */,
				E00000000000000000000004 /* LibraryWatcher */,
				E00000000000000000000005 /* Search */,
			);
			productName = Vitrine;
			productReference = B00000000000000000000001 /* Vitrine.app */;
			productType = "com.apple.product-type.application";
		};
/* End PBXNativeTarget section */

/* Begin PBXProject section */
		000000000000000000000001 /* Project object */ = {
			isa = PBXProject;
			attributes = {
				BuildIndependentTargetsInParallel = 1;
			};
			buildConfigurationList = 200000000000000000000001 /* Build configuration list for PBXProject "Vitrine" */;
			developmentRegion = en;
			hasScannedForEncodings = 0;
			knownRegions = (
				en,
				Base,
			);
			mainGroup = F00000000000000000000001;
			packageReferences = (
				E00000000000000000000002 /* XCLocalSwiftPackageReference "VitrineCore" */,
			);
			preferredProjectObjectVersion = 77;
			productRefGroup = F00000000000000000000003 /* Products */;
			projectDirPath = "";
			projectRoot = "";
			targets = (
				100000000000000000000001 /* Vitrine */,
			);
		};
/* End PBXProject section */

/* Begin PBXResourcesBuildPhase section */
		D00000000000000000000003 /* Resources */ = {
			isa = PBXResourcesBuildPhase;
			buildActionMask = 2147483647;
			files = (
			);
			runOnlyForDeploymentPostprocessing = 0;
		};
/* End PBXResourcesBuildPhase section */

/* Begin PBXSourcesBuildPhase section */
		D00000000000000000000001 /* Sources */ = {
			isa = PBXSourcesBuildPhase;
			buildActionMask = 2147483647;
			files = (
			);
			runOnlyForDeploymentPostprocessing = 0;
		};
/* End PBXSourcesBuildPhase section */

/* Begin XCBuildConfiguration section */
		300000000000000000000001 /* Debug */ = {
			isa = XCBuildConfiguration;
			baseConfigurationReference = B00000000000000000000003 /* Debug.xcconfig */;
			buildSettings = {
			};
			name = Debug;
		};
		300000000000000000000002 /* Release */ = {
			isa = XCBuildConfiguration;
			baseConfigurationReference = B00000000000000000000004 /* Release.xcconfig */;
			buildSettings = {
			};
			name = Release;
		};
		300000000000000000000003 /* Debug */ = {
			isa = XCBuildConfiguration;
			buildSettings = {
			};
			name = Debug;
		};
		300000000000000000000004 /* Release */ = {
			isa = XCBuildConfiguration;
			buildSettings = {
			};
			name = Release;
		};
/* End XCBuildConfiguration section */

/* Begin XCConfigurationList section */
		200000000000000000000001 /* Build configuration list for PBXProject "Vitrine" */ = {
			isa = XCConfigurationList;
			buildConfigurations = (
				300000000000000000000001 /* Debug */,
				300000000000000000000002 /* Release */,
			);
			defaultConfigurationIsVisible = 0;
			defaultConfigurationName = Release;
		};
		200000000000000000000002 /* Build configuration list for PBXNativeTarget "Vitrine" */ = {
			isa = XCConfigurationList;
			buildConfigurations = (
				300000000000000000000003 /* Debug */,
				300000000000000000000004 /* Release */,
			);
			defaultConfigurationIsVisible = 0;
			defaultConfigurationName = Release;
		};
/* End XCConfigurationList section */

/* Begin XCLocalSwiftPackageReference section */
		E00000000000000000000002 /* XCLocalSwiftPackageReference "VitrineCore" */ = {
			isa = XCLocalSwiftPackageReference;
			relativePath = VitrineCore;
		};
/* End XCLocalSwiftPackageReference section */

/* Begin XCSwiftPackageProductDependency section */
		E00000000000000000000001 /* Library */ = {
			isa = XCSwiftPackageProductDependency;
			productName = Library;
		};
		E00000000000000000000003 /* Index */ = {
			isa = XCSwiftPackageProductDependency;
			productName = Index;
		};
		E00000000000000000000004 /* LibraryWatcher */ = {
			isa = XCSwiftPackageProductDependency;
			productName = LibraryWatcher;
		};
		E00000000000000000000005 /* Search */ = {
			isa = XCSwiftPackageProductDependency;
			productName = Search;
		};
/* End XCSwiftPackageProductDependency section */
	};
	rootObject = 000000000000000000000001 /* Project object */;
}
